<?xml version="1.0" encoding="utf-8"?>
<Project ToolsVersion="4.0" xmlns="http://schemas.microsoft.com/developer/msbuild/2003">
  <ItemGroup>
    <Filter Include="Source Files">
      <UniqueIdentifier>{4FC737F1-C7A5-4376-A066-2A32D752A2FF}</UniqueIdentifier>
      <Extensions>cpp;c;cc;cxx;c++;cppm;ixx;def;odl;idl;hpj;bat;asm;asmx</Extensions>
    </Filter>
    <Filter Include="Header Files">
      <UniqueIdentifier>{93995380-89BD-4b04-88EB-625FBE52EBFB}</UniqueIdentifier>
      <Extensions>h;hh;hpp;hxx;h++;hm;inl;inc;ipp;xsd</Extensions>
    </Filter>
    <Filter Include="Resource Files">
      <UniqueIdentifier>{67DA6AB6-F800-4c08-8B7A-83BB121AAD01}</UniqueIdentifier>
      <Extensions>rc;ico;cur;bmp;dlg;rc2;rct;bin;rgs;gif;jpg;jpeg;jpe;resx;tiff;tif;png;wav;mfcribbon-ms</Extensions>
    </Filter>
  </ItemGroup>
  <ItemGroup>
    <ClCompile Include="..\src\core\credits.c">
      <Filter>Source Files</Filter>
    </ClCompile>
    <ClCompile Include="..\src\core\game.c">
      <Filter>Source Files</Filter>
    </ClCompile>
    <ClCompile Include="..\src\core\gameover.c">
      <Filter>Source Files</Filter>
    </ClCompile>
    <ClCompile Include="..\src\core\leaderboard.c">
      <Filter>Source Files</Filter>
    </ClCompile>
    <ClCompile Include="..\src\core\main.c">
      <Filter>Source Files</Filter>
    </ClCompile>
    <ClCompile Include="..\src\core\mainmenu.c">
      <Filter>Source Files</Filter>
    </ClCompile>
    <ClCompile Include="..\src\core\settings.c">
      <Filter>Source Files</Filter>
    </ClCompile>
    <ClCompile Include="..\src\core\splashscreen.c">
      <Filter>Source Files</Filter>
    </ClCompile>
    <ClCompile Include="..\src\entities\bubblegun.c">
      <Filter>Source Files</Filter>
    </ClCompile>
    <ClCompile Include="..\src\entities\dirt.c">
      <Filter>Source Files</Filter>
    </ClCompile>
    <ClCompile Include="..\src\entities\faucet.c">
      <Filter>Source Files</Filter>
    </ClCompile>
    <ClCompile Include="..\src\entities\plate.c">
      <Filter>Source Files</Filter>
    </ClCompile>
    <ClCompile Include="..\src\entities\roomba.c">
      <Filter>Source Files</Filter>
    </ClCompile>
    <ClCompile Include="..\src\entities\sponge.c">
      <Filter>Source Files</Filter>
    </ClCompile>
    <ClCompile Include="..\src\systems\day.c">
      <Filter>Source Files</Filter>
    </ClCompile>
    <ClCompile Include="..\src\systems\money.c">
      <Filter>Source Files</Filter>
    </ClCompile>
    <ClCompile Include="..\src\systems\settings_options.c">
      <Filter>Source Files</Filter>
    </ClCompile>
    <ClCompile Include="..\src\systems\shop.c">
      <Filter>Source Files</Filter>
    </ClCompile>
    <ClCompile Include="..\src\systems\soap.c">
      <Filter>Source Files</Filter>
    </ClCompile>
    <ClCompile Include="..\src\systems\sounds.c">
      <Filter>Source Files</Filter>
    </ClCompile>
    <ClCompile Include="..\src\systems\timer.c">
      <Filter>Source Files</Filter>
    </ClCompile>
    <ClCompile Include="..\src\systems\tutorial.c">
      <Filter>Source Files</Filter>
    </ClCompile>
    <ClCompile Include="..\src\systems\upgrades.c">
      <Filter>Source Files</Filter>
    </ClCompile>
    <ClCompile Include="..\src\utils\debug.c">
      <Filter>Source Files</Filter>
    </ClCompile>
    <ClCompile Include="..\src\utils\img_font_init.c">
      <Filter>Source Files</Filter>
    </ClCompile>
    <ClCompile Include="..\src\utils\utils.c">
      <Filter>Source Files</Filter>
    </ClCompile>
    <ClCompile Include="..\src\vfx\bubbles.c">
      <Filter>Source Files</Filter>
    </ClCompile>
    <ClCompile Include="..\src\vfx\confetti.c">
      <Filter>Source Files</Filter>
    </ClCompile>
    <ClCompile Include="..\src\vfx\discoball.c">
      <Filter>Source Files</Filter>
    </ClCompile>
  </ItemGroup>
  <ItemGroup>
    <ClInclude Include="..\src\core\credits.h">
      <Filter>Header Files</Filter>
    </ClInclude>
    <ClInclude Include="..\src\core\game.h">
      <Filter>Header Files</Filter>
    </ClInclude>
    <ClInclude Include="..\src\core\gameover.h">
      <Filter>Header Files</Filter>
    </ClInclude>
    <ClInclude Include="..\src\core\leaderboard.h">
      <Filter>Header Files</Filter>
    </ClInclude>
    <ClInclude Include="..\src\core\mainmenu.h">
      <Filter>Header Files</Filter>
    </ClInclude>
    <ClInclude Include="..\src\core\settings.h">
      <Filter>Header Files</Filter>
    </ClInclude>
    <ClInclude Include="..\src\core\splashscreen.h">
      <Filter>Header Files</Filter>
    </ClInclude>
    <ClInclude Include="..\src\entities\bubblegun.h">
      <Filter>Header Files</Filter>
    </ClInclude>
    <ClInclude Include="..\src\entities\dirt.h">
      <Filter>Header Files</Filter>
    </ClInclude>
    <ClInclude Include="..\src\entities\faucet.h">
      <Filter>Header Files</Filter>
    </ClInclude>
    <ClInclude Include="..\src\entities\plate.h">
      <Filter>Header Files</Filter>
    </ClInclude>
    <ClInclude Include="..\src\entities\roomba.h">
      <Filter>Header Files</Filter>
    </ClInclude>
    <ClInclude Include="..\src\entities\sponge.h">
      <Filter>Header Files</Filter>
    </ClInclude>
    <ClInclude Include="..\src\systems\day.h">
      <Filter>Header Files</Filter>
    </ClInclude>
    <ClInclude Include="..\src\systems\money.h">
      <Filter>Header Files</Filter>
    </ClInclude>
    <ClInclude Include="..\src\systems\settings_options.h">
      <Filter>Header Files</Filter>
    </ClInclude>
    <ClInclude Include="..\src\systems\shop.h">
      <Filter>Header Files</Filter>
    </ClInclude>
    <ClInclude Include="..\src\systems\soap.h">
      <Filter>Header Files</Filter>
    </ClInclude>
    <ClInclude Include="..\src\systems\sounds.h">
      <Filter>Header Files</Filter>
    </ClInclude>
    <ClInclude Include="..\src\systems\timer.h">
      <Filter>Header Files</Filter>
    </ClInclude>
    <ClInclude Include="..\src\systems\tutorial.h">
      <Filter>Header Files</Filter>
    </ClInclude>
    <ClInclude Include="..\src\systems\upgrades.h">
      <Filter>Header Files</Filter>
    </ClInclude>
    <ClInclude Include="..\src\utils\debug.h">
      <Filter>Header Files</Filter>
    </ClInclude>
    <ClInclude Include="..\src\utils\img_font_init.h">
      <Filter>Header Files</Filter>
    </ClInclude>
    <ClInclude Include="..\src\utils\utils.h">
      <Filter>Header Files</Filter>
    </ClInclude>
    <ClInclude Include="..\src\vfx\bubbles.h">
      <Filter>Header Files</Filter>
    </ClInclude>
    <ClInclude Include="..\src\vfx\confetti.h">
      <Filter>Header Files</Filter>
    </ClInclude>
    <ClInclude Include="..\src\vfx\discoball.h">
      <Filter>Header Files</Filter>
    </ClInclude>
    <ClInclude Include="resource.h">
      <Filter>Header Files</Filter>
    </ClInclude>
  </ItemGroup>
  <ItemGroup>
    <ResourceCompile Include="Game_Project.rc">
      <Filter>Resource Files</Filter>
    </ResourceCompile>
  </ItemGroup>
  <ItemGroup>
    <Image Include="icon1.ico">
      <Filter>Resource Files</Filter>
    </Image>
    <Image Include="..\Assets\image\favicon.ico">
      <Filter>Resource Files</Filter>
    </Image>
    <Image Include="favicon.ico">
      <Filter>Resource Files</Filter>
    </Image>
  </ItemGroup>
</Project>