<?xml version="1.0" encoding="utf-8"?>
<Project ToolsVersion="4.0" xmlns="http://schemas.microsoft.com/developer/msbuild/2003">
  <ItemGroup>
    <Filter Include="Source Files">
      <UniqueIdentifier>{4FC737F1-C7A5-4376-A066-2A32D752A2FF}</UniqueIdentifier>
      <Extensions>cpp;c;cc;cxx;c++;cppm;ixx;def;odl;idl;hpj;bat;asm;asmx</Extensions>
    </Filter>
    <Filter Include="Header Files">
      <UniqueIdentifier>{93995380-89BD-4b04-88EB-625FBE52EBFB}</UniqueIdentifier>
      <Extensions>h;hh;hpp;hxx;h++;hm;inl;inc;ipp;xsd</Extensions>
    </Filter>
    <Filter Include="Resource Files">
      <UniqueIdentifier>{67DA6AB6-F800-4c08-8B7A-83BB121AAD01}</UniqueIdentifier>
      <Extensions>rc;ico;cur;bmp;dlg;rc2;rct;bin;rgs;gif;jpg;jpeg;jpe;resx;tiff;tif;png;wav;mfcribbon-ms</Extensions>
    </Filter>
  </ItemGroup>
  <ItemGroup>
    <ClCompile Include="main.c">
      <Filter>Source Files</Filter>
    </ClCompile>
    <ClCompile Include="game.c">
      <Filter>Source Files</Filter>
    </ClCompile>
    <ClCompile Include="mainmenu.c">
      <Filter>Source Files</Filter>
    </ClCompile>
    <ClCompile Include="sponge.c">
      <Filter>Source Files</Filter>
    </ClCompile>
    <ClCompile Include="timer.c">
      <Filter>Source Files</Filter>
    </ClCompile>
    <ClCompile Include="utils.c">
      <Filter>Source Files</Filter>
    </ClCompile>
    <ClCompile Include="dirt.c">
      <Filter>Source Files</Filter>
    </ClCompile>
    <ClCompile Include="shop.c">
      <Filter>Source Files</Filter>
    </ClCompile>
    <ClCompile Include="bubbles.c">
      <Filter>Source Files</Filter>
    </ClCompile>
    <ClCompile Include="money.c">
      <Filter>Source Files</Filter>
    </ClCompile>
    <ClCompile Include="gameover.c">
      <Filter>Source Files</Filter>
    </ClCompile>
    <ClCompile Include="plate.c">
      <Filter>Source Files</Filter>
    </ClCompile>
    <ClCompile Include="settings.c">
      <Filter>Source Files</Filter>
    </ClCompile>
    <ClCompile Include="splashscreen.c">
      <Filter>Source Files</Filter>
    </ClCompile>
    <ClCompile Include="settings_options.c">
      <Filter>Source Files</Filter>
    </ClCompile>
    <ClCompile Include="sounds.c">
      <Filter>Source Files</Filter>
    </ClCompile>
    <ClCompile Include="roomba.c">
      <Filter>Source Files</Filter>
    </ClCompile>
    <ClCompile Include="day.c">
      <Filter>Source Files</Filter>
    </ClCompile>
    <ClCompile Include="credits.c">
      <Filter>Source Files</Filter>
    </ClCompile>
    <ClCompile Include="faucet.c">
      <Filter>Source Files</Filter>
    </ClCompile>
    <ClCompile Include="soap.c">
      <Filter>Source Files</Filter>
    </ClCompile>
    <ClCompile Include="nameentry.c">
      <Filter>Source Files</Filter>
    </ClCompile>
    <ClCompile Include="debug.c">
      <Filter>Source Files</Filter>
    </ClCompile>
    <ClCompile Include="bubblegun.c">
      <Filter>Source Files</Filter>
    </ClCompile>
  </ItemGroup>
  <ItemGroup>
    <ClInclude Include="gameover.h">
      <Filter>Header Files</Filter>
    </ClInclude>
    <ClInclude Include="plate.h">
      <Filter>Header Files</Filter>
    </ClInclude>
    <ClInclude Include="settings.h">
      <Filter>Header Files</Filter>
    </ClInclude>
    <ClInclude Include="splashscreen.h">
      <Filter>Header Files</Filter>
    </ClInclude>
    <ClInclude Include="faucet.h">
      <Filter>Header Files</Filter>
    </ClInclude>
    <ClInclude Include="bubbles.h">
      <Filter>Header Files</Filter>
    </ClInclude>
    <ClInclude Include="day.h">
      <Filter>Header Files</Filter>
    </ClInclude>
    <ClInclude Include="dirt.h">
      <Filter>Header Files</Filter>
    </ClInclude>
    <ClInclude Include="game.h">
      <Filter>Header Files</Filter>
    </ClInclude>
    <ClInclude Include="mainmenu.h">
      <Filter>Header Files</Filter>
    </ClInclude>
    <ClInclude Include="money.h">
      <Filter>Header Files</Filter>
    </ClInclude>
    <ClInclude Include="roomba.h">
      <Filter>Header Files</Filter>
    </ClInclude>
    <ClInclude Include="settings_options.h">
      <Filter>Header Files</Filter>
    </ClInclude>
    <ClInclude Include="shop.h">
      <Filter>Header Files</Filter>
    </ClInclude>
    <ClInclude Include="sounds.h">
      <Filter>Header Files</Filter>
    </ClInclude>
    <ClInclude Include="sponge.h">
      <Filter>Header Files</Filter>
    </ClInclude>
    <ClInclude Include="timer.h">
      <Filter>Header Files</Filter>
    </ClInclude>
    <ClInclude Include="utils.h">
      <Filter>Header Files</Filter>
    </ClInclude>
    <ClInclude Include="credits.h">
      <Filter>Header Files</Filter>
    </ClInclude>
    <ClInclude Include="soap.h">
      <Filter>Header Files</Filter>
    </ClInclude>
    <ClInclude Include="nameentry.h">
      <Filter>Header Files</Filter>
    </ClInclude>
    <ClInclude Include="debug.h">
      <Filter>Header Files</Filter>
    </ClInclude>
    <ClInclude Include="bubblegun.h">
      <Filter>Header Files</Filter>
    </ClInclude>
  </ItemGroup>
</Project>